
Microsoft Visual Studio Solution File, Format Version 12.00
# Visual Studio 15
VisualStudioVersion = 15.0.27428.2005
MinimumVisualStudioVersion = 10.0.40219.1
Project("{FAE04EC0-301F-11D3-BF4B-00C04F79EFBC}") = "NumbersList", "NumbersList\NumbersList.csproj", "{3657ECF5-FC14-422E-A3E1-D45CD6CCC84C}"
EndProject
Global
	GlobalSection(SolutionConfigurationPlatforms) = preSolution
		Debug|Any CPU = Debug|Any CPU
		Release|Any CPU = Release|Any CPU
	EndGlobalSection
	GlobalSection(ProjectConfigurationPlatforms) = postSolution
		{3657ECF5-FC14-422E-A3E1-D45CD6CCC84C}.Debug|Any CPU.ActiveCfg = Debug|Any CPU
		{3657ECF5-FC14-422E-A3E1-D45CD6CCC84C}.Debug|Any CPU.Build.0 = Debug|Any CPU
		{3657ECF5-FC14-422E-A3E1-D45CD6CCC84C}.Release|Any CPU.ActiveCfg = Release|Any CPU
		{3657ECF5-FC14-422E-A3E1-D45CD6CCC84C}.Release|Any CPU.Build.0 = Release|Any CPU
	EndGlobalSection
	GlobalSection(SolutionProperties) = preSolution
		HideSolutionNode = FALSE
	EndGlobalSection
	GlobalSection(ExtensibilityGlobals) = postSolution
		SolutionGuid = {168F89F6-4DBD-4838-891C-AFCBD755A43C}
	EndGlobalSection
EndGlobal
